
Microsoft Visual Studio Solution File, Format Version 12.00
# Visual Studio Version 17
VisualStudioVersion = 17.10.34902.84
MinimumVisualStudioVersion = 10.0.40219.1
Project("{FAE04EC0-301F-11D3-BF4B-00C04F79EFBC}") = "CompanyEmployees", "CompanyEmployees\CompanyEmployees.csproj", "{E8D5B0C5-8102-4B28-A118-7FD78D84B77C}"
EndProject
Global
	GlobalSection(SolutionConfigurationPlatforms) = preSolution
		Debug|Any CPU = Debug|Any CPU
		Release|Any CPU = Release|Any CPU
	EndGlobalSection
	GlobalSection(ProjectConfigurationPlatforms) = postSolution
		{E8D5B0C5-8102-4B28-A118-7FD78D84B77C}.Debug|Any CPU.ActiveCfg = Debug|Any CPU
		{E8D5B0C5-8102-4B28-A118-7FD78D84B77C}.Debug|Any CPU.Build.0 = Debug|Any CPU
		{E8D5B0C5-8102-4B28-A118-7FD78D84B77C}.Release|Any CPU.ActiveCfg = Release|Any CPU
		{E8D5B0C5-8102-4B28-A118-7FD78D84B77C}.Release|Any CPU.Build.0 = Release|Any CPU
	EndGlobalSection
	GlobalSection(SolutionProperties) = preSolution
		HideSolutionNode = FALSE
	EndGlobalSection
	GlobalSection(ExtensibilityGlobals) = postSolution
		SolutionGuid = {545C5499-9E28-4037-899D-6162E518FEBF}
	EndGlobalSection
EndGlobal
